// !$*UTF8*$!
{
	archiveVersion = 1;
	classes = {
	};
	objectVersion = 46;
	objects = {

/* Begin PBXBuildFile section */
		1FE8579BD747C4BA36A6360B /* Pods_Watchr.framework in Frameworks */ = {isa = PBXBuildFile; fileRef = 12F09ACFC0CF3DB1006ADAC2 /* Pods_Watchr.framework */; };
		FB267C301F3BF08400DCCE71 /* MainViewController.swift in Sources */ = {isa = PBXBuildFile; fileRef = FB267C2F1F3BF08400DCCE71 /* MainViewController.swift */; };
		FB267C341F3CEA7900DCCE71 /* Search.storyboard in Resources */ = {isa = PBXBuildFile; fileRef = FB267C331F3CEA7900DCCE71 /* Search.storyboard */; };
		FB267C361F3CEAC100DCCE71 /* SearchViewController.swift in Sources */ = {isa = PBXBuildFile; fileRef = FB267C351F3CEAC100DCCE71 /* SearchViewController.swift */; };
		FB267C3A1F3CEF3700DCCE71 /* ShowTableViewCell.swift in Sources */ = {isa = PBXBuildFile; fileRef = FB267C391F3CEF3700DCCE71 /* ShowTableViewCell.swift */; };
		FB5648FD1F427A430023E0A2 /* ShowHelper.swift in Sources */ = {isa = PBXBuildFile; fileRef = FB5648FC1F427A430023E0A2 /* ShowHelper.swift */; };
		FB5648FF1F4284760023E0A2 /* Profile.storyboard in Resources */ = {isa = PBXBuildFile; fileRef = FB5648FE1F4284760023E0A2 /* Profile.storyboard */; };
		FB5649021F428E630023E0A2 /* ProfileMainViewController.swift in Sources */ = {isa = PBXBuildFile; fileRef = FB5649011F428E630023E0A2 /* ProfileMainViewController.swift */; };
		FB57CD8A1F10356100F98DAE /* AppDelegate.swift in Sources */ = {isa = PBXBuildFile; fileRef = FB57CD891F10356100F98DAE /* AppDelegate.swift */; };
		FB57CD8C1F10356100F98DAE /* ShowCollectionViewController.swift in Sources */ = {isa = PBXBuildFile; fileRef = FB57CD8B1F10356100F98DAE /* ShowCollectionViewController.swift */; };
		FB57CD8F1F10356100F98DAE /* Main.storyboard in Resources */ = {isa = PBXBuildFile; fileRef = FB57CD8D1F10356100F98DAE /* Main.storyboard */; };
		FB57CD911F10356100F98DAE /* Assets.xcassets in Resources */ = {isa = PBXBuildFile; fileRef = FB57CD901F10356100F98DAE /* Assets.xcassets */; };
		FB57CD941F10356100F98DAE /* LaunchScreen.storyboard in Resources */ = {isa = PBXBuildFile; fileRef = FB57CD921F10356100F98DAE /* LaunchScreen.storyboard */; };
		FB77F1FF1F104323003A1D46 /* ShowCollectionCellCollectionViewCell.swift in Sources */ = {isa = PBXBuildFile; fileRef = FB77F1FE1F104323003A1D46 /* ShowCollectionCellCollectionViewCell.swift */; };
		FB77F2021F1052A6003A1D46 /* ShowDetailView.storyboard in Resources */ = {isa = PBXBuildFile; fileRef = FB77F2011F1052A6003A1D46 /* ShowDetailView.storyboard */; };
		FB77F2041F1054B2003A1D46 /* ShowDetailViewController.swift in Sources */ = {isa = PBXBuildFile; fileRef = FB77F2031F1054B2003A1D46 /* ShowDetailViewController.swift */; };
		FB7B2E881F57ABD6008D7C43 /* WatchrListPopupViewController.swift in Sources */ = {isa = PBXBuildFile; fileRef = FB7B2E871F57ABD6008D7C43 /* WatchrListPopupViewController.swift */; };
		FB7B2E8A1F57ACD7008D7C43 /* Dimmable.swift in Sources */ = {isa = PBXBuildFile; fileRef = FB7B2E891F57ACD7008D7C43 /* Dimmable.swift */; };
		FB7B2E8C1F57BA94008D7C43 /* WatchrStatusDelegate.swift in Sources */ = {isa = PBXBuildFile; fileRef = FB7B2E8B1F57BA94008D7C43 /* WatchrStatusDelegate.swift */; };
		FB7B2E8E1F58F038008D7C43 /* WatchrStatusPopup.storyboard in Resources */ = {isa = PBXBuildFile; fileRef = FB7B2E8D1F58F038008D7C43 /* WatchrStatusPopup.storyboard */; };
		FB7B2E901F58F90C008D7C43 /* Bolts.framework in Frameworks */ = {isa = PBXBuildFile; fileRef = FB7B2E8F1F58F90C008D7C43 /* Bolts.framework */; };
		FB7B2E921F58F91A008D7C43 /* FBSDKShareKit.framework in Frameworks */ = {isa = PBXBuildFile; fileRef = FB7B2E911F58F91A008D7C43 /* FBSDKShareKit.framework */; };
		FB7B2E941F58F925008D7C43 /* FBSDKCoreKit.framework in Frameworks */ = {isa = PBXBuildFile; fileRef = FB7B2E931F58F925008D7C43 /* FBSDKCoreKit.framework */; };
		FB7B2E971F58FE21008D7C43 /* Testing.swift in Sources */ = {isa = PBXBuildFile; fileRef = FB7B2E961F58FE21008D7C43 /* Testing.swift */; };
		FB7B2E991F5906A0008D7C43 /* AddFriends.storyboard in Resources */ = {isa = PBXBuildFile; fileRef = FB7B2E981F5906A0008D7C43 /* AddFriends.storyboard */; };
		FB7B2E9B1F590944008D7C43 /* AddFriendsViewController.swift in Sources */ = {isa = PBXBuildFile; fileRef = FB7B2E9A1F590944008D7C43 /* AddFriendsViewController.swift */; };
		FB7B2E9D1F590974008D7C43 /* FriendTableViewCell.swift in Sources */ = {isa = PBXBuildFile; fileRef = FB7B2E9C1F590974008D7C43 /* FriendTableViewCell.swift */; };
		FB7B2E9F1F590F9B008D7C43 /* Friend.swift in Sources */ = {isa = PBXBuildFile; fileRef = FB7B2E9E1F590F9B008D7C43 /* Friend.swift */; };
		FB93FD441F3AA4C3002DB84A /* ColorsHelper.swift in Sources */ = {isa = PBXBuildFile; fileRef = FB93FD431F3AA4C3002DB84A /* ColorsHelper.swift */; };
		FBBEFAF61F4252AD007DC859 /* MoreOptionsAlertViewController.swift in Sources */ = {isa = PBXBuildFile; fileRef = FBBEFAF51F4252AD007DC859 /* MoreOptionsAlertViewController.swift */; };
		FBC3BA691F4D22D10022A0A6 /* PreviewShowDetailViewController.swift in Sources */ = {isa = PBXBuildFile; fileRef = FBC3BA681F4D22D10022A0A6 /* PreviewShowDetailViewController.swift */; };
		FBC5F70D211E072E00697EDA /* ShowRecommendationViewCell.swift in Sources */ = {isa = PBXBuildFile; fileRef = FBC5F70C211E072E00697EDA /* ShowRecommendationViewCell.swift */; };
		FBC5F70F21227DB800697EDA /* Settings.storyboard in Resources */ = {isa = PBXBuildFile; fileRef = FBC5F70E21227DB800697EDA /* Settings.storyboard */; };
		FBC5F7122122881000697EDA /* SettingsController.swift in Sources */ = {isa = PBXBuildFile; fileRef = FBC5F7112122881000697EDA /* SettingsController.swift */; };
		FBDC93131F10833600E515C8 /* SWSegmentedControl.swift in Sources */ = {isa = PBXBuildFile; fileRef = FBDC93121F10833600E515C8 /* SWSegmentedControl.swift */; };
		FBDC93161F1085D200E515C8 /* ShowInformationViewController.swift in Sources */ = {isa = PBXBuildFile; fileRef = FBDC93151F1085D200E515C8 /* ShowInformationViewController.swift */; };
		FBDC93181F11452100E515C8 /* CastCollectionViewController.swift in Sources */ = {isa = PBXBuildFile; fileRef = FBDC93171F11452100E515C8 /* CastCollectionViewController.swift */; };
		FBDC931A1F11467500E515C8 /* CastCollectionViewCell.swift in Sources */ = {isa = PBXBuildFile; fileRef = FBDC93191F11467500E515C8 /* CastCollectionViewCell.swift */; };
		FBDC931C1F11999000E515C8 /* CastDetailView.storyboard in Resources */ = {isa = PBXBuildFile; fileRef = FBDC931B1F11999000E515C8 /* CastDetailView.storyboard */; };
		FBDC931E1F119BC000E515C8 /* ActorDetailViewController.swift in Sources */ = {isa = PBXBuildFile; fileRef = FBDC931D1F119BC000E515C8 /* ActorDetailViewController.swift */; };
		FBDC93201F11DF9E00E515C8 /* DOFavoriteButton.swift in Sources */ = {isa = PBXBuildFile; fileRef = FBDC931F1F11DF9E00E515C8 /* DOFavoriteButton.swift */; };
		FBE0BA681F4BAF99000D4D93 /* MoreOptionsHeader.xib in Resources */ = {isa = PBXBuildFile; fileRef = FBE0BA671F4BAF99000D4D93 /* MoreOptionsHeader.xib */; };
		FBE0BA6A1F4BB03A000D4D93 /* MoreOptionsHeader.swift in Sources */ = {isa = PBXBuildFile; fileRef = FBE0BA691F4BB03A000D4D93 /* MoreOptionsHeader.swift */; };
		FBE6328E1F4519A200B00748 /* ShowProfileTableViewCell.swift in Sources */ = {isa = PBXBuildFile; fileRef = FBE6328D1F4519A200B00748 /* ShowProfileTableViewCell.swift */; };
		FBE632901F451A4D00B00748 /* ProfileShowsListViewController.swift in Sources */ = {isa = PBXBuildFile; fileRef = FBE6328F1F451A4D00B00748 /* ProfileShowsListViewController.swift */; };
		FBF583BA1F12A5E800950C96 /* GoogleService-Info.plist in Resources */ = {isa = PBXBuildFile; fileRef = FBF583B91F12A5E800950C96 /* GoogleService-Info.plist */; };
		FBF583BC1F12ADC000950C96 /* LogInViewController.swift in Sources */ = {isa = PBXBuildFile; fileRef = FBF583BB1F12ADC000950C96 /* LogInViewController.swift */; };
		FBF583BE1F12AEEE00950C96 /* FBSDKLoginKit.framework in Frameworks */ = {isa = PBXBuildFile; fileRef = FBF583BD1F12AEEE00950C96 /* FBSDKLoginKit.framework */; };
		FBF583C11F12BD7C00950C96 /* AppUser.swift in Sources */ = {isa = PBXBuildFile; fileRef = FBF583C01F12BD7C00950C96 /* AppUser.swift */; };
		FBF583C31F12D55B00950C96 /* ShowCard.xib in Resources */ = {isa = PBXBuildFile; fileRef = FBF583C21F12D55B00950C96 /* ShowCard.xib */; };
		FBF583C51F12D6AD00950C96 /* FavoritesViewController.swift in Sources */ = {isa = PBXBuildFile; fileRef = FBF583C41F12D6AC00950C96 /* FavoritesViewController.swift */; };
		FBF583C71F12E10200950C96 /* NotificationKeys.swift in Sources */ = {isa = PBXBuildFile; fileRef = FBF583C61F12E10200950C96 /* NotificationKeys.swift */; };
/* End PBXBuildFile section */

/* Begin PBXCopyFilesBuildPhase section */
		FB57CDB11F1035B000F98DAE /* Embed Frameworks */ = {
			isa = PBXCopyFilesBuildPhase;
			buildActionMask = 2147483647;
			dstPath = "";
			dstSubfolderSpec = 10;
			files = (
			);
			name = "Embed Frameworks";
			runOnlyForDeploymentPostprocessing = 0;
		};
/* End PBXCopyFilesBuildPhase section */

/* Begin PBXFileReference section */
		0EA5E84CA3B91162AEFD8373 /* Pods-Watchr.release.xcconfig */ = {isa = PBXFileReference; includeInIndex = 1; lastKnownFileType = text.xcconfig; name = "Pods-Watchr.release.xcconfig"; path = "Pods/Target Support Files/Pods-Watchr/Pods-Watchr.release.xcconfig"; sourceTree = "<group>"; };
		12F09ACFC0CF3DB1006ADAC2 /* Pods_Watchr.framework */ = {isa = PBXFileReference; explicitFileType = wrapper.framework; includeInIndex = 0; path = Pods_Watchr.framework; sourceTree = BUILT_PRODUCTS_DIR; };
		6B74895813BE16481199A0CA /* Pods-Watchr.debug.xcconfig */ = {isa = PBXFileReference; includeInIndex = 1; lastKnownFileType = text.xcconfig; name = "Pods-Watchr.debug.xcconfig"; path = "Pods/Target Support Files/Pods-Watchr/Pods-Watchr.debug.xcconfig"; sourceTree = "<group>"; };
		FB267C2F1F3BF08400DCCE71 /* MainViewController.swift */ = {isa = PBXFileReference; fileEncoding = 4; lastKnownFileType = sourcecode.swift; path = MainViewController.swift; sourceTree = "<group>"; };
		FB267C331F3CEA7900DCCE71 /* Search.storyboard */ = {isa = PBXFileReference; fileEncoding = 4; lastKnownFileType = file.storyboard; path = Search.storyboard; sourceTree = "<group>"; };
		FB267C351F3CEAC100DCCE71 /* SearchViewController.swift */ = {isa = PBXFileReference; fileEncoding = 4; lastKnownFileType = sourcecode.swift; path = SearchViewController.swift; sourceTree = "<group>"; };
		FB267C391F3CEF3700DCCE71 /* ShowTableViewCell.swift */ = {isa = PBXFileReference; fileEncoding = 4; lastKnownFileType = sourcecode.swift; path = ShowTableViewCell.swift; sourceTree = "<group>"; };
		FB5648FC1F427A430023E0A2 /* ShowHelper.swift */ = {isa = PBXFileReference; fileEncoding = 4; lastKnownFileType = sourcecode.swift; path = ShowHelper.swift; sourceTree = "<group>"; };
		FB5648FE1F4284760023E0A2 /* Profile.storyboard */ = {isa = PBXFileReference; fileEncoding = 4; lastKnownFileType = file.storyboard; path = Profile.storyboard; sourceTree = "<group>"; };
		FB5649011F428E630023E0A2 /* ProfileMainViewController.swift */ = {isa = PBXFileReference; fileEncoding = 4; lastKnownFileType = sourcecode.swift; path = ProfileMainViewController.swift; sourceTree = "<group>"; };
		FB57CD861F10356100F98DAE /* Watchr.app */ = {isa = PBXFileReference; explicitFileType = wrapper.application; includeInIndex = 0; path = Watchr.app; sourceTree = BUILT_PRODUCTS_DIR; };
		FB57CD891F10356100F98DAE /* AppDelegate.swift */ = {isa = PBXFileReference; lastKnownFileType = sourcecode.swift; path = AppDelegate.swift; sourceTree = "<group>"; };
		FB57CD8B1F10356100F98DAE /* ShowCollectionViewController.swift */ = {isa = PBXFileReference; lastKnownFileType = sourcecode.swift; path = ShowCollectionViewController.swift; sourceTree = "<group>"; };
		FB57CD8E1F10356100F98DAE /* Base */ = {isa = PBXFileReference; lastKnownFileType = file.storyboard; name = Base; path = Base.lproj/Main.storyboard; sourceTree = "<group>"; };
		FB57CD901F10356100F98DAE /* Assets.xcassets */ = {isa = PBXFileReference; lastKnownFileType = folder.assetcatalog; path = Assets.xcassets; sourceTree = "<group>"; };
		FB57CD931F10356100F98DAE /* Base */ = {isa = PBXFileReference; lastKnownFileType = file.storyboard; name = Base; path = Base.lproj/LaunchScreen.storyboard; sourceTree = "<group>"; };
		FB57CD951F10356100F98DAE /* Info.plist */ = {isa = PBXFileReference; lastKnownFileType = text.plist.xml; path = Info.plist; sourceTree = "<group>"; };
		FB77F1FE1F104323003A1D46 /* ShowCollectionCellCollectionViewCell.swift */ = {isa = PBXFileReference; fileEncoding = 4; lastKnownFileType = sourcecode.swift; path = ShowCollectionCellCollectionViewCell.swift; sourceTree = "<group>"; };
		FB77F2011F1052A6003A1D46 /* ShowDetailView.storyboard */ = {isa = PBXFileReference; fileEncoding = 4; lastKnownFileType = file.storyboard; path = ShowDetailView.storyboard; sourceTree = "<group>"; };
		FB77F2031F1054B2003A1D46 /* ShowDetailViewController.swift */ = {isa = PBXFileReference; fileEncoding = 4; lastKnownFileType = sourcecode.swift; path = ShowDetailViewController.swift; sourceTree = "<group>"; };
		FB7B2E871F57ABD6008D7C43 /* WatchrListPopupViewController.swift */ = {isa = PBXFileReference; fileEncoding = 4; lastKnownFileType = sourcecode.swift; path = WatchrListPopupViewController.swift; sourceTree = "<group>"; };
		FB7B2E891F57ACD7008D7C43 /* Dimmable.swift */ = {isa = PBXFileReference; fileEncoding = 4; lastKnownFileType = sourcecode.swift; path = Dimmable.swift; sourceTree = "<group>"; };
		FB7B2E8B1F57BA94008D7C43 /* WatchrStatusDelegate.swift */ = {isa = PBXFileReference; fileEncoding = 4; lastKnownFileType = sourcecode.swift; path = WatchrStatusDelegate.swift; sourceTree = "<group>"; };
		FB7B2E8D1F58F038008D7C43 /* WatchrStatusPopup.storyboard */ = {isa = PBXFileReference; fileEncoding = 4; lastKnownFileType = file.storyboard; path = WatchrStatusPopup.storyboard; sourceTree = "<group>"; };
		FB7B2E8F1F58F90C008D7C43 /* Bolts.framework */ = {isa = PBXFileReference; lastKnownFileType = wrapper.framework; path = Bolts.framework; sourceTree = "<group>"; };
		FB7B2E911F58F91A008D7C43 /* FBSDKShareKit.framework */ = {isa = PBXFileReference; lastKnownFileType = wrapper.framework; path = FBSDKShareKit.framework; sourceTree = "<group>"; };
		FB7B2E931F58F925008D7C43 /* FBSDKCoreKit.framework */ = {isa = PBXFileReference; lastKnownFileType = wrapper.framework; path = FBSDKCoreKit.framework; sourceTree = "<group>"; };
		FB7B2E961F58FE21008D7C43 /* Testing.swift */ = {isa = PBXFileReference; fileEncoding = 4; lastKnownFileType = sourcecode.swift; path = Testing.swift; sourceTree = "<group>"; };
		FB7B2E981F5906A0008D7C43 /* AddFriends.storyboard */ = {isa = PBXFileReference; fileEncoding = 4; lastKnownFileType = file.storyboard; path = AddFriends.storyboard; sourceTree = "<group>"; };
		FB7B2E9A1F590944008D7C43 /* AddFriendsViewController.swift */ = {isa = PBXFileReference; fileEncoding = 4; lastKnownFileType = sourcecode.swift; path = AddFriendsViewController.swift; sourceTree = "<group>"; };
		FB7B2E9C1F590974008D7C43 /* FriendTableViewCell.swift */ = {isa = PBXFileReference; fileEncoding = 4; lastKnownFileType = sourcecode.swift; path = FriendTableViewCell.swift; sourceTree = "<group>"; };
		FB7B2E9E1F590F9B008D7C43 /* Friend.swift */ = {isa = PBXFileReference; fileEncoding = 4; lastKnownFileType = sourcecode.swift; path = Friend.swift; sourceTree = "<group>"; };
		FB93FD431F3AA4C3002DB84A /* ColorsHelper.swift */ = {isa = PBXFileReference; fileEncoding = 4; lastKnownFileType = sourcecode.swift; path = ColorsHelper.swift; sourceTree = "<group>"; };
		FBBEFAF41F423F58007DC859 /* Watchr-Bridging-Header.h */ = {isa = PBXFileReference; lastKnownFileType = sourcecode.c.h; path = "Watchr-Bridging-Header.h"; sourceTree = "<group>"; };
		FBBEFAF51F4252AD007DC859 /* MoreOptionsAlertViewController.swift */ = {isa = PBXFileReference; fileEncoding = 4; lastKnownFileType = sourcecode.swift; path = MoreOptionsAlertViewController.swift; sourceTree = "<group>"; };
		FBC3BA681F4D22D10022A0A6 /* PreviewShowDetailViewController.swift */ = {isa = PBXFileReference; fileEncoding = 4; lastKnownFileType = sourcecode.swift; path = PreviewShowDetailViewController.swift; sourceTree = "<group>"; };
		FBC5F70C211E072E00697EDA /* ShowRecommendationViewCell.swift */ = {isa = PBXFileReference; lastKnownFileType = sourcecode.swift; path = ShowRecommendationViewCell.swift; sourceTree = "<group>"; };
		FBC5F70E21227DB800697EDA /* Settings.storyboard */ = {isa = PBXFileReference; lastKnownFileType = file.storyboard; path = Settings.storyboard; sourceTree = "<group>"; };
		FBC5F7112122881000697EDA /* SettingsController.swift */ = {isa = PBXFileReference; lastKnownFileType = sourcecode.swift; path = SettingsController.swift; sourceTree = "<group>"; };
		FBDC93121F10833600E515C8 /* SWSegmentedControl.swift */ = {isa = PBXFileReference; fileEncoding = 4; lastKnownFileType = sourcecode.swift; path = SWSegmentedControl.swift; sourceTree = "<group>"; };
		FBDC93151F1085D200E515C8 /* ShowInformationViewController.swift */ = {isa = PBXFileReference; fileEncoding = 4; lastKnownFileType = sourcecode.swift; path = ShowInformationViewController.swift; sourceTree = "<group>"; };
		FBDC93171F11452100E515C8 /* CastCollectionViewController.swift */ = {isa = PBXFileReference; fileEncoding = 4; lastKnownFileType = sourcecode.swift; path = CastCollectionViewController.swift; sourceTree = "<group>"; };
		FBDC93191F11467500E515C8 /* CastCollectionViewCell.swift */ = {isa = PBXFileReference; fileEncoding = 4; lastKnownFileType = sourcecode.swift; path = CastCollectionViewCell.swift; sourceTree = "<group>"; };
		FBDC931B1F11999000E515C8 /* CastDetailView.storyboard */ = {isa = PBXFileReference; fileEncoding = 4; lastKnownFileType = file.storyboard; path = CastDetailView.storyboard; sourceTree = "<group>"; };
		FBDC931D1F119BC000E515C8 /* ActorDetailViewController.swift */ = {isa = PBXFileReference; fileEncoding = 4; lastKnownFileType = sourcecode.swift; path = ActorDetailViewController.swift; sourceTree = "<group>"; };
		FBDC931F1F11DF9E00E515C8 /* DOFavoriteButton.swift */ = {isa = PBXFileReference; fileEncoding = 4; lastKnownFileType = sourcecode.swift; path = DOFavoriteButton.swift; sourceTree = "<group>"; };
		FBE0BA671F4BAF99000D4D93 /* MoreOptionsHeader.xib */ = {isa = PBXFileReference; fileEncoding = 4; lastKnownFileType = file.xib; path = MoreOptionsHeader.xib; sourceTree = "<group>"; };
		FBE0BA691F4BB03A000D4D93 /* MoreOptionsHeader.swift */ = {isa = PBXFileReference; fileEncoding = 4; lastKnownFileType = sourcecode.swift; path = MoreOptionsHeader.swift; sourceTree = "<group>"; };
		FBE6328D1F4519A200B00748 /* ShowProfileTableViewCell.swift */ = {isa = PBXFileReference; fileEncoding = 4; lastKnownFileType = sourcecode.swift; path = ShowProfileTableViewCell.swift; sourceTree = "<group>"; };
		FBE6328F1F451A4D00B00748 /* ProfileShowsListViewController.swift */ = {isa = PBXFileReference; fileEncoding = 4; lastKnownFileType = sourcecode.swift; path = ProfileShowsListViewController.swift; sourceTree = "<group>"; };
		FBF583B91F12A5E800950C96 /* GoogleService-Info.plist */ = {isa = PBXFileReference; fileEncoding = 4; lastKnownFileType = text.plist.xml; path = "GoogleService-Info.plist"; sourceTree = "<group>"; };
		FBF583BB1F12ADC000950C96 /* LogInViewController.swift */ = {isa = PBXFileReference; fileEncoding = 4; lastKnownFileType = sourcecode.swift; path = LogInViewController.swift; sourceTree = "<group>"; };
		FBF583BD1F12AEEE00950C96 /* FBSDKLoginKit.framework */ = {isa = PBXFileReference; lastKnownFileType = wrapper.framework; path = FBSDKLoginKit.framework; sourceTree = "<group>"; };
		FBF583C01F12BD7C00950C96 /* AppUser.swift */ = {isa = PBXFileReference; fileEncoding = 4; lastKnownFileType = sourcecode.swift; path = AppUser.swift; sourceTree = "<group>"; };
		FBF583C21F12D55B00950C96 /* ShowCard.xib */ = {isa = PBXFileReference; fileEncoding = 4; lastKnownFileType = file.xib; path = ShowCard.xib; sourceTree = "<group>"; };
		FBF583C41F12D6AC00950C96 /* FavoritesViewController.swift */ = {isa = PBXFileReference; fileEncoding = 4; lastKnownFileType = sourcecode.swift; path = FavoritesViewController.swift; sourceTree = "<group>"; };
		FBF583C61F12E10200950C96 /* NotificationKeys.swift */ = {isa = PBXFileReference; fileEncoding = 4; lastKnownFileType = sourcecode.swift; path = NotificationKeys.swift; sourceTree = "<group>"; };
/* End PBXFileReference section */

/* Begin PBXFrameworksBuildPhase section */
		FB57CD831F10356100F98DAE /* Frameworks */ = {
			isa = PBXFrameworksBuildPhase;
			buildActionMask = 2147483647;
			files = (
				FB7B2E941F58F925008D7C43 /* FBSDKCoreKit.framework in Frameworks */,
				FB7B2E921F58F91A008D7C43 /* FBSDKShareKit.framework in Frameworks */,
				FB7B2E901F58F90C008D7C43 /* Bolts.framework in Frameworks */,
				FBF583BE1F12AEEE00950C96 /* FBSDKLoginKit.framework in Frameworks */,
				1FE8579BD747C4BA36A6360B /* Pods_Watchr.framework in Frameworks */,
			);
			runOnlyForDeploymentPostprocessing = 0;
		};
/* End PBXFrameworksBuildPhase section */

/* Begin PBXGroup section */
		1A732F5F9C85BB689420A081 /* Frameworks */ = {
			isa = PBXGroup;
			children = (
				FB7B2E931F58F925008D7C43 /* FBSDKCoreKit.framework */,
				FB7B2E911F58F91A008D7C43 /* FBSDKShareKit.framework */,
				FB7B2E8F1F58F90C008D7C43 /* Bolts.framework */,
				FBF583BD1F12AEEE00950C96 /* FBSDKLoginKit.framework */,
				12F09ACFC0CF3DB1006ADAC2 /* Pods_Watchr.framework */,
			);
			name = Frameworks;
			sourceTree = "<group>";
		};
		7F5A19B5D13592B94E730ECB /* Pods */ = {
			isa = PBXGroup;
			children = (
				6B74895813BE16481199A0CA /* Pods-Watchr.debug.xcconfig */,
				0EA5E84CA3B91162AEFD8373 /* Pods-Watchr.release.xcconfig */,
			);
			name = Pods;
			sourceTree = "<group>";
		};
		FB267C321F3CE9D600DCCE71 /* Search */ = {
			isa = PBXGroup;
			children = (
				FB267C351F3CEAC100DCCE71 /* SearchViewController.swift */,
				FB267C391F3CEF3700DCCE71 /* ShowTableViewCell.swift */,
			);
			path = Search;
			sourceTree = "<group>";
		};
		FB5649001F428E340023E0A2 /* Profiles */ = {
			isa = PBXGroup;
			children = (
				FB7B2E951F58FCDC008D7C43 /* Social */,
				FB5649011F428E630023E0A2 /* ProfileMainViewController.swift */,
				FBE6328F1F451A4D00B00748 /* ProfileShowsListViewController.swift */,
				FBE6328D1F4519A200B00748 /* ShowProfileTableViewCell.swift */,
			);
			path = Profiles;
			sourceTree = "<group>";
		};
		FB57CD7D1F10356100F98DAE = {
			isa = PBXGroup;
			children = (
				1A732F5F9C85BB689420A081 /* Frameworks */,
				7F5A19B5D13592B94E730ECB /* Pods */,
				FB57CD871F10356100F98DAE /* Products */,
				FB57CD881F10356100F98DAE /* Watchr */,
				FBBEFAF41F423F58007DC859 /* Watchr-Bridging-Header.h */,
			);
			sourceTree = "<group>";
		};
		FB57CD871F10356100F98DAE /* Products */ = {
			isa = PBXGroup;
			children = (
				FB57CD861F10356100F98DAE /* Watchr.app */,
			);
			name = Products;
			sourceTree = "<group>";
		};
		FB57CD881F10356100F98DAE /* Watchr */ = {
			isa = PBXGroup;
			children = (
				FB77F1FD1F1042E3003A1D46 /* Controllers */,
				FBF583BF1F12BD5300950C96 /* Models */,
				FB77F2001F105288003A1D46 /* Views */,
				FB57CD891F10356100F98DAE /* AppDelegate.swift */,
				FB57CD901F10356100F98DAE /* Assets.xcassets */,
				FB93FD431F3AA4C3002DB84A /* ColorsHelper.swift */,
				FB7B2E891F57ACD7008D7C43 /* Dimmable.swift */,
				FBF583B91F12A5E800950C96 /* GoogleService-Info.plist */,
				FB57CD951F10356100F98DAE /* Info.plist */,
				FB57CD921F10356100F98DAE /* LaunchScreen.storyboard */,
				FBF583C61F12E10200950C96 /* NotificationKeys.swift */,
				FB5648FC1F427A430023E0A2 /* ShowHelper.swift */,
			);
			path = Watchr;
			sourceTree = "<group>";
		};
		FB77F1FD1F1042E3003A1D46 /* Controllers */ = {
			isa = PBXGroup;
			children = (
				FBC5F7102122880000697EDA /* Settings */,
				FB5649001F428E340023E0A2 /* Profiles */,
				FB267C321F3CE9D600DCCE71 /* Search */,
				FBDC93141F1085A900E515C8 /* Show Details */,
				FBF583C41F12D6AC00950C96 /* FavoritesViewController.swift */,
				FBF583BB1F12ADC000950C96 /* LogInViewController.swift */,
				FB267C2F1F3BF08400DCCE71 /* MainViewController.swift */,
				FBBEFAF51F4252AD007DC859 /* MoreOptionsAlertViewController.swift */,
				FB77F1FE1F104323003A1D46 /* ShowCollectionCellCollectionViewCell.swift */,
				FB57CD8B1F10356100F98DAE /* ShowCollectionViewController.swift */,
				FB7B2E871F57ABD6008D7C43 /* WatchrListPopupViewController.swift */,
				FB7B2E8B1F57BA94008D7C43 /* WatchrStatusDelegate.swift */,
			);
			path = Controllers;
			sourceTree = "<group>";
		};
		FB77F2001F105288003A1D46 /* Views */ = {
			isa = PBXGroup;
			children = (
				FB7B2E981F5906A0008D7C43 /* AddFriends.storyboard */,
				FBDC931B1F11999000E515C8 /* CastDetailView.storyboard */,
				FBDC931F1F11DF9E00E515C8 /* DOFavoriteButton.swift */,
				FB57CD8D1F10356100F98DAE /* Main.storyboard */,
				FBE0BA691F4BB03A000D4D93 /* MoreOptionsHeader.swift */,
				FBE0BA671F4BAF99000D4D93 /* MoreOptionsHeader.xib */,
				FB5648FE1F4284760023E0A2 /* Profile.storyboard */,
				FBDC93121F10833600E515C8 /* SWSegmentedControl.swift */,
				FB267C331F3CEA7900DCCE71 /* Search.storyboard */,
				FBF583C21F12D55B00950C96 /* ShowCard.xib */,
				FB77F2011F1052A6003A1D46 /* ShowDetailView.storyboard */,
				FB7B2E8D1F58F038008D7C43 /* WatchrStatusPopup.storyboard */,
				FBC5F70E21227DB800697EDA /* Settings.storyboard */,
			);
			path = Views;
			sourceTree = "<group>";
		};
		FB7B2E951F58FCDC008D7C43 /* Social */ = {
			isa = PBXGroup;
			children = (
				FB7B2E9A1F590944008D7C43 /* AddFriendsViewController.swift */,
				FB7B2E9C1F590974008D7C43 /* FriendTableViewCell.swift */,
				FB7B2E961F58FE21008D7C43 /* Testing.swift */,
			);
			path = Social;
			sourceTree = "<group>";
		};
		FBC5F7102122880000697EDA /* Settings */ = {
			isa = PBXGroup;
			children = (
				FBC5F7112122881000697EDA /* SettingsController.swift */,
			);
			path = Settings;
			sourceTree = "<group>";
		};
		FBDC93141F1085A900E515C8 /* Show Details */ = {
			isa = PBXGroup;
			children = (
				FBDC931D1F119BC000E515C8 /* ActorDetailViewController.swift */,
				FBDC93191F11467500E515C8 /* CastCollectionViewCell.swift */,
				FBDC93171F11452100E515C8 /* CastCollectionViewController.swift */,
				FBC3BA681F4D22D10022A0A6 /* PreviewShowDetailViewController.swift */,
				FB77F2031F1054B2003A1D46 /* ShowDetailViewController.swift */,
				FBDC93151F1085D200E515C8 /* ShowInformationViewController.swift */,
				FBC5F70C211E072E00697EDA /* ShowRecommendationViewCell.swift */,
			);
			path = "Show Details";
			sourceTree = "<group>";
		};
		FBF583BF1F12BD5300950C96 /* Models */ = {
			isa = PBXGroup;
			children = (
				FBF583C01F12BD7C00950C96 /* AppUser.swift */,
				FB7B2E9E1F590F9B008D7C43 /* Friend.swift */,
			);
			path = Models;
			sourceTree = "<group>";
		};
/* End PBXGroup section */

/* Begin PBXNativeTarget section */
		FB57CD851F10356100F98DAE /* Watchr */ = {
			isa = PBXNativeTarget;
			buildConfigurationList = FB57CD981F10356100F98DAE /* Build configuration list for PBXNativeTarget "Watchr" */;
			buildPhases = (
				2B47460B6DE16AB43CED4779 /* [CP] Check Pods Manifest.lock */,
				FB57CD821F10356100F98DAE /* Sources */,
				FB57CD831F10356100F98DAE /* Frameworks */,
				FB57CD841F10356100F98DAE /* Resources */,
				FB57CDB11F1035B000F98DAE /* Embed Frameworks */,
				0724857E264E65E4C6F8CC5B /* [CP] Embed Pods Frameworks */,
				A77A0A46BA1F791116B6EF7B /* [CP] Copy Pods Resources */,
			);
			buildRules = (
			);
			dependencies = (
			);
			name = Watchr;
			productName = Watchr;
			productReference = FB57CD861F10356100F98DAE /* Watchr.app */;
			productType = "com.apple.product-type.application";
		};
/* End PBXNativeTarget section */

/* Begin PBXProject section */
		FB57CD7E1F10356100F98DAE /* Project object */ = {
			isa = PBXProject;
			attributes = {
				LastSwiftUpdateCheck = 0830;
				LastUpgradeCheck = 0830;
				ORGANIZATIONNAME = "Peter Yasi";
				TargetAttributes = {
					FB57CD851F10356100F98DAE = {
						CreatedOnToolsVersion = 8.3.3;
						DevelopmentTeam = 6RJ29M6PR2;
						ProvisioningStyle = Automatic;
					};
				};
			};
			buildConfigurationList = FB57CD811F10356100F98DAE /* Build configuration list for PBXProject "Watchr" */;
			compatibilityVersion = "Xcode 3.2";
			developmentRegion = English;
			hasScannedForEncodings = 0;
			knownRegions = (
				en,
				Base,
			);
			mainGroup = FB57CD7D1F10356100F98DAE;
			productRefGroup = FB57CD871F10356100F98DAE /* Products */;
			projectDirPath = "";
			projectRoot = "";
			targets = (
				FB57CD851F10356100F98DAE /* Watchr */,
			);
		};
/* End PBXProject section */

/* Begin PBXResourcesBuildPhase section */
		FB57CD841F10356100F98DAE /* Resources */ = {
			isa = PBXResourcesBuildPhase;
			buildActionMask = 2147483647;
			files = (
				FBF583C31F12D55B00950C96 /* ShowCard.xib in Resources */,
				FBF583BA1F12A5E800950C96 /* GoogleService-Info.plist in Resources */,
				FB57CD941F10356100F98DAE /* LaunchScreen.storyboard in Resources */,
				FB57CD911F10356100F98DAE /* Assets.xcassets in Resources */,
				FBDC931C1F11999000E515C8 /* CastDetailView.storyboard in Resources */,
				FB57CD8F1F10356100F98DAE /* Main.storyboard in Resources */,
				FBE0BA681F4BAF99000D4D93 /* MoreOptionsHeader.xib in Resources */,
				FB7B2E8E1F58F038008D7C43 /* WatchrStatusPopup.storyboard in Resources */,
				FB7B2E991F5906A0008D7C43 /* AddFriends.storyboard in Resources */,
				FB5648FF1F4284760023E0A2 /* Profile.storyboard in Resources */,
				FB267C341F3CEA7900DCCE71 /* Search.storyboard in Resources */,
				FBC5F70F21227DB800697EDA /* Settings.storyboard in Resources */,
				FB77F2021F1052A6003A1D46 /* ShowDetailView.storyboard in Resources */,
			);
			runOnlyForDeploymentPostprocessing = 0;
		};
/* End PBXResourcesBuildPhase section */

/* Begin PBXShellScriptBuildPhase section */
		0724857E264E65E4C6F8CC5B /* [CP] Embed Pods Frameworks */ = {
			isa = PBXShellScriptBuildPhase;
			buildActionMask = 2147483647;
			files = (
			);
			inputPaths = (
			);
			name = "[CP] Embed Pods Frameworks";
			outputPaths = (
			);
			runOnlyForDeploymentPostprocessing = 0;
			shellPath = /bin/sh;
			shellScript = "\"${SRCROOT}/Pods/Target Support Files/Pods-Watchr/Pods-Watchr-frameworks.sh\"\n";
			showEnvVarsInLog = 0;
		};
		2B47460B6DE16AB43CED4779 /* [CP] Check Pods Manifest.lock */ = {
			isa = PBXShellScriptBuildPhase;
			buildActionMask = 2147483647;
			files = (
			);
			inputPaths = (
			);
			name = "[CP] Check Pods Manifest.lock";
			outputPaths = (
			);
			runOnlyForDeploymentPostprocessing = 0;
			shellPath = /bin/sh;
			shellScript = "diff \"${PODS_ROOT}/../Podfile.lock\" \"${PODS_ROOT}/Manifest.lock\" > /dev/null\nif [ $? != 0 ] ; then\n    # print error to STDERR\n    echo \"error: The sandbox is not in sync with the Podfile.lock. Run 'pod install' or update your CocoaPods installation.\" >&2\n    exit 1\nfi\n";
			showEnvVarsInLog = 0;
		};
		A77A0A46BA1F791116B6EF7B /* [CP] Copy Pods Resources */ = {
			isa = PBXShellScriptBuildPhase;
			buildActionMask = 2147483647;
			files = (
			);
			inputPaths = (
			);
			name = "[CP] Copy Pods Resources";
			outputPaths = (
			);
			runOnlyForDeploymentPostprocessing = 0;
			shellPath = /bin/sh;
			shellScript = "\"${SRCROOT}/Pods/Target Support Files/Pods-Watchr/Pods-Watchr-resources.sh\"\n";
			showEnvVarsInLog = 0;
		};
/* End PBXShellScriptBuildPhase section */

/* Begin PBXSourcesBuildPhase section */
		FB57CD821F10356100F98DAE /* Sources */ = {
			isa = PBXSourcesBuildPhase;
			buildActionMask = 2147483647;
			files = (
				FB77F2041F1054B2003A1D46 /* ShowDetailViewController.swift in Sources */,
				FB7B2E8C1F57BA94008D7C43 /* WatchrStatusDelegate.swift in Sources */,
				FBDC931E1F119BC000E515C8 /* ActorDetailViewController.swift in Sources */,
				FB5648FD1F427A430023E0A2 /* ShowHelper.swift in Sources */,
				FBC5F70D211E072E00697EDA /* ShowRecommendationViewCell.swift in Sources */,
				FB57CD8C1F10356100F98DAE /* ShowCollectionViewController.swift in Sources */,
				FB7B2E881F57ABD6008D7C43 /* WatchrListPopupViewController.swift in Sources */,
				FB7B2E9B1F590944008D7C43 /* AddFriendsViewController.swift in Sources */,
				FB267C361F3CEAC100DCCE71 /* SearchViewController.swift in Sources */,
				FBDC93201F11DF9E00E515C8 /* DOFavoriteButton.swift in Sources */,
				FBE632901F451A4D00B00748 /* ProfileShowsListViewController.swift in Sources */,
				FBBEFAF61F4252AD007DC859 /* MoreOptionsAlertViewController.swift in Sources */,
				FBDC93131F10833600E515C8 /* SWSegmentedControl.swift in Sources */,
				FBDC93161F1085D200E515C8 /* ShowInformationViewController.swift in Sources */,
				FBC3BA691F4D22D10022A0A6 /* PreviewShowDetailViewController.swift in Sources */,
				FBF583C11F12BD7C00950C96 /* AppUser.swift in Sources */,
				FBDC93181F11452100E515C8 /* CastCollectionViewController.swift in Sources */,
				FBF583C51F12D6AD00950C96 /* FavoritesViewController.swift in Sources */,
				FB93FD441F3AA4C3002DB84A /* ColorsHelper.swift in Sources */,
				FBE6328E1F4519A200B00748 /* ShowProfileTableViewCell.swift in Sources */,
				FBC5F7122122881000697EDA /* SettingsController.swift in Sources */,
				FBF583BC1F12ADC000950C96 /* LogInViewController.swift in Sources */,
				FBDC931A1F11467500E515C8 /* CastCollectionViewCell.swift in Sources */,
				FBF583C71F12E10200950C96 /* NotificationKeys.swift in Sources */,
				FB5649021F428E630023E0A2 /* ProfileMainViewController.swift in Sources */,
				FB7B2E9D1F590974008D7C43 /* FriendTableViewCell.swift in Sources */,
				FB267C301F3BF08400DCCE71 /* MainViewController.swift in Sources */,
				FB77F1FF1F104323003A1D46 /* ShowCollectionCellCollectionViewCell.swift in Sources */,
				FB7B2E8A1F57ACD7008D7C43 /* Dimmable.swift in Sources */,
				FB267C3A1F3CEF3700DCCE71 /* ShowTableViewCell.swift in Sources */,
				FB7B2E971F58FE21008D7C43 /* Testing.swift in Sources */,
				FBE0BA6A1F4BB03A000D4D93 /* MoreOptionsHeader.swift in Sources */,
				FB57CD8A1F10356100F98DAE /* AppDelegate.swift in Sources */,
				FB7B2E9F1F590F9B008D7C43 /* Friend.swift in Sources */,
			);
			runOnlyForDeploymentPostprocessing = 0;
		};
/* End PBXSourcesBuildPhase section */

/* Begin PBXVariantGroup section */
		FB57CD8D1F10356100F98DAE /* Main.storyboard */ = {
			isa = PBXVariantGroup;
			children = (
				FB57CD8E1F10356100F98DAE /* Base */,
			);
			name = Main.storyboard;
			path = .;
			sourceTree = "<group>";
		};
		FB57CD921F10356100F98DAE /* LaunchScreen.storyboard */ = {
			isa = PBXVariantGroup;
			children = (
				FB57CD931F10356100F98DAE /* Base */,
			);
			name = LaunchScreen.storyboard;
			path = .;
			sourceTree = "<group>";
		};
/* End PBXVariantGroup section */

/* Begin XCBuildConfiguration section */
		FB57CD961F10356100F98DAE /* Debug */ = {
			isa = XCBuildConfiguration;
			buildSettings = {
				ALWAYS_SEARCH_USER_PATHS = NO;
				CLANG_ANALYZER_NONNULL = YES;
				CLANG_ANALYZER_NUMBER_OBJECT_CONVERSION = YES_AGGRESSIVE;
				CLANG_CXX_LANGUAGE_STANDARD = "gnu++0x";
				CLANG_CXX_LIBRARY = "libc++";
				CLANG_ENABLE_MODULES = YES;
				CLANG_ENABLE_OBJC_ARC = YES;
				CLANG_WARN_BOOL_CONVERSION = YES;
				CLANG_WARN_CONSTANT_CONVERSION = YES;
				CLANG_WARN_DIRECT_OBJC_ISA_USAGE = YES_ERROR;
				CLANG_WARN_DOCUMENTATION_COMMENTS = YES;
				CLANG_WARN_EMPTY_BODY = YES;
				CLANG_WARN_ENUM_CONVERSION = YES;
				CLANG_WARN_INFINITE_RECURSION = YES;
				CLANG_WARN_INT_CONVERSION = YES;
				CLANG_WARN_OBJC_ROOT_CLASS = YES_ERROR;
				CLANG_WARN_SUSPICIOUS_MOVE = YES;
				CLANG_WARN_UNREACHABLE_CODE = YES;
				CLANG_WARN__DUPLICATE_METHOD_MATCH = YES;
				"CODE_SIGN_IDENTITY[sdk=iphoneos*]" = "iPhone Developer";
				COPY_PHASE_STRIP = NO;
				DEBUG_INFORMATION_FORMAT = dwarf;
				ENABLE_STRICT_OBJC_MSGSEND = YES;
				ENABLE_TESTABILITY = YES;
				GCC_C_LANGUAGE_STANDARD = gnu99;
				GCC_DYNAMIC_NO_PIC = NO;
				GCC_NO_COMMON_BLOCKS = YES;
				GCC_OPTIMIZATION_LEVEL = 0;
				GCC_PREPROCESSOR_DEFINITIONS = (
					"DEBUG=1",
					"$(inherited)",
				);
				GCC_WARN_64_TO_32_BIT_CONVERSION = YES;
				GCC_WARN_ABOUT_RETURN_TYPE = YES_ERROR;
				GCC_WARN_UNDECLARED_SELECTOR = YES;
				GCC_WARN_UNINITIALIZED_AUTOS = YES_AGGRESSIVE;
				GCC_WARN_UNUSED_FUNCTION = YES;
				GCC_WARN_UNUSED_VARIABLE = YES;
				IPHONEOS_DEPLOYMENT_TARGET = 10.3;
				MTL_ENABLE_DEBUG_INFO = YES;
				ONLY_ACTIVE_ARCH = YES;
				SDKROOT = iphoneos;
				SWIFT_ACTIVE_COMPILATION_CONDITIONS = DEBUG;
				SWIFT_OBJC_BRIDGING_HEADER = "Watchr-Bridging-Header.h";
				SWIFT_OPTIMIZATION_LEVEL = "-Onone";
				TARGETED_DEVICE_FAMILY = "1,2";
			};
			name = Debug;
		};
		FB57CD971F10356100F98DAE /* Release */ = {
			isa = XCBuildConfiguration;
			buildSettings = {
				ALWAYS_SEARCH_USER_PATHS = NO;
				CLANG_ANALYZER_NONNULL = YES;
				CLANG_ANALYZER_NUMBER_OBJECT_CONVERSION = YES_AGGRESSIVE;
				CLANG_CXX_LANGUAGE_STANDARD = "gnu++0x";
				CLANG_CXX_LIBRARY = "libc++";
				CLANG_ENABLE_MODULES = YES;
				CLANG_ENABLE_OBJC_ARC = YES;
				CLANG_WARN_BOOL_CONVERSION = YES;
				CLANG_WARN_CONSTANT_CONVERSION = YES;
				CLANG_WARN_DIRECT_OBJC_ISA_USAGE = YES_ERROR;
				CLANG_WARN_DOCUMENTATION_COMMENTS = YES;
				CLANG_WARN_EMPTY_BODY = YES;
				CLANG_WARN_ENUM_CONVERSION = YES;
				CLANG_WARN_INFINITE_RECURSION = YES;
				CLANG_WARN_INT_CONVERSION = YES;
				CLANG_WARN_OBJC_ROOT_CLASS = YES_ERROR;
				CLANG_WARN_SUSPICIOUS_MOVE = YES;
				CLANG_WARN_UNREACHABLE_CODE = YES;
				CLANG_WARN__DUPLICATE_METHOD_MATCH = YES;
				"CODE_SIGN_IDENTITY[sdk=iphoneos*]" = "iPhone Developer";
				COPY_PHASE_STRIP = NO;
				DEBUG_INFORMATION_FORMAT = "dwarf-with-dsym";
				ENABLE_NS_ASSERTIONS = NO;
				ENABLE_STRICT_OBJC_MSGSEND = YES;
				GCC_C_LANGUAGE_STANDARD = gnu99;
				GCC_NO_COMMON_BLOCKS = YES;
				GCC_WARN_64_TO_32_BIT_CONVERSION = YES;
				GCC_WARN_ABOUT_RETURN_TYPE = YES_ERROR;
				GCC_WARN_UNDECLARED_SELECTOR = YES;
				GCC_WARN_UNINITIALIZED_AUTOS = YES_AGGRESSIVE;
				GCC_WARN_UNUSED_FUNCTION = YES;
				GCC_WARN_UNUSED_VARIABLE = YES;
				IPHONEOS_DEPLOYMENT_TARGET = 10.3;
				MTL_ENABLE_DEBUG_INFO = NO;
				SDKROOT = iphoneos;
				SWIFT_OBJC_BRIDGING_HEADER = "Watchr-Bridging-Header.h";
				SWIFT_OPTIMIZATION_LEVEL = "-Owholemodule";
				TARGETED_DEVICE_FAMILY = "1,2";
				VALIDATE_PRODUCT = YES;
			};
			name = Release;
		};
		FB57CD991F10356100F98DAE /* Debug */ = {
			isa = XCBuildConfiguration;
			baseConfigurationReference = 6B74895813BE16481199A0CA /* Pods-Watchr.debug.xcconfig */;
			buildSettings = {
				ALWAYS_EMBED_SWIFT_STANDARD_LIBRARIES = YES;
				ASSETCATALOG_COMPILER_APPICON_NAME = AppIcon;
				DEVELOPMENT_TEAM = 6RJ29M6PR2;
				FRAMEWORK_SEARCH_PATHS = (
					"$(inherited)",
					"$(PROJECT_DIR)",
				);
				INFOPLIST_FILE = Watchr/Info.plist;
				LD_RUNPATH_SEARCH_PATHS = "$(inherited) @executable_path/Frameworks";
				PRODUCT_BUNDLE_IDENTIFIER = com.peteryasi.Watchr;
				PRODUCT_NAME = "$(TARGET_NAME)";
				SWIFT_VERSION = 3.0;
			};
			name = Debug;
		};
		FB57CD9A1F10356100F98DAE /* Release */ = {
			isa = XCBuildConfiguration;
			baseConfigurationReference = 0EA5E84CA3B91162AEFD8373 /* Pods-Watchr.release.xcconfig */;
			buildSettings = {
				ALWAYS_EMBED_SWIFT_STANDARD_LIBRARIES = YES;
				ASSETCATALOG_COMPILER_APPICON_NAME = AppIcon;
				DEVELOPMENT_TEAM = 6RJ29M6PR2;
				FRAMEWORK_SEARCH_PATHS = (
					"$(inherited)",
					"$(PROJECT_DIR)",
				);
				INFOPLIST_FILE = Watchr/Info.plist;
				LD_RUNPATH_SEARCH_PATHS = "$(inherited) @executable_path/Frameworks";
				PRODUCT_BUNDLE_IDENTIFIER = com.peteryasi.Watchr;
				PRODUCT_NAME = "$(TARGET_NAME)";
				SWIFT_VERSION = 3.0;
			};
			name = Release;
		};
/* End XCBuildConfiguration section */

/* Begin XCConfigurationList section */
		FB57CD811F10356100F98DAE /* Build configuration list for PBXProject "Watchr" */ = {
			isa = XCConfigurationList;
			buildConfigurations = (
				FB57CD961F10356100F98DAE /* Debug */,
				FB57CD971F10356100F98DAE /* Release */,
			);
			defaultConfigurationIsVisible = 0;
			defaultConfigurationName = Release;
		};
		FB57CD981F10356100F98DAE /* Build configuration list for PBXNativeTarget "Watchr" */ = {
			isa = XCConfigurationList;
			buildConfigurations = (
				FB57CD991F10356100F98DAE /* Debug */,
				FB57CD9A1F10356100F98DAE /* Release */,
			);
			defaultConfigurationIsVisible = 0;
			defaultConfigurationName = Release;
		};
/* End XCConfigurationList section */
	};
	rootObject = FB57CD7E1F10356100F98DAE /* Project object */;
}
