// !$*UTF8*$!
{
	archiveVersion = 1;
	classes = {
	};
	objectVersion = 46;
	objects = {

/* Begin PBXBuildFile section */
		1FE8579BD747C4BA36A6360B /* Pods_Watchr.framework in Frameworks */ = {isa = PBXBuildFile; fileRef = 12F09ACFC0CF3DB1006ADAC2 /* Pods_Watchr.framework */; };
		FB57CD8A1F10356100F98DAE /* AppDelegate.swift in Sources */ = {isa = PBXBuildFile; fileRef = FB57CD891F10356100F98DAE /* AppDelegate.swift */; };
		FB57CD8C1F10356100F98DAE /* ViewController.swift in Sources */ = {isa = PBXBuildFile; fileRef = FB57CD8B1F10356100F98DAE /* ViewController.swift */; };
		FB57CD8F1F10356100F98DAE /* Main.storyboard in Resources */ = {isa = PBXBuildFile; fileRef = FB57CD8D1F10356100F98DAE /* Main.storyboard */; };
		FB57CD911F10356100F98DAE /* Assets.xcassets in Resources */ = {isa = PBXBuildFile; fileRef = FB57CD901F10356100F98DAE /* Assets.xcassets */; };
		FB57CD941F10356100F98DAE /* LaunchScreen.storyboard in Resources */ = {isa = PBXBuildFile; fileRef = FB57CD921F10356100F98DAE /* LaunchScreen.storyboard */; };
		FB77F1FF1F104323003A1D46 /* ShowCollectionCellCollectionViewCell.swift in Sources */ = {isa = PBXBuildFile; fileRef = FB77F1FE1F104323003A1D46 /* ShowCollectionCellCollectionViewCell.swift */; };
		FB77F2021F1052A6003A1D46 /* ShowDetailView.storyboard in Resources */ = {isa = PBXBuildFile; fileRef = FB77F2011F1052A6003A1D46 /* ShowDetailView.storyboard */; };
		FB77F2041F1054B2003A1D46 /* ShowDetailViewController.swift in Sources */ = {isa = PBXBuildFile; fileRef = FB77F2031F1054B2003A1D46 /* ShowDetailViewController.swift */; };
		FBDC930F1F106F7000E515C8 /* SearchViewController.swift in Sources */ = {isa = PBXBuildFile; fileRef = FBDC930E1F106F7000E515C8 /* SearchViewController.swift */; };
		FBDC93111F10708700E515C8 /* SearchTableViewCell.swift in Sources */ = {isa = PBXBuildFile; fileRef = FBDC93101F10708700E515C8 /* SearchTableViewCell.swift */; };
		FBDC93131F10833600E515C8 /* SWSegmentedControl.swift in Sources */ = {isa = PBXBuildFile; fileRef = FBDC93121F10833600E515C8 /* SWSegmentedControl.swift */; };
		FBDC93161F1085D200E515C8 /* ShowInformationViewController.swift in Sources */ = {isa = PBXBuildFile; fileRef = FBDC93151F1085D200E515C8 /* ShowInformationViewController.swift */; };
/* End PBXBuildFile section */

/* Begin PBXCopyFilesBuildPhase section */
		FB57CDB11F1035B000F98DAE /* Embed Frameworks */ = {
			isa = PBXCopyFilesBuildPhase;
			buildActionMask = 2147483647;
			dstPath = "";
			dstSubfolderSpec = 10;
			files = (
			);
			name = "Embed Frameworks";
			runOnlyForDeploymentPostprocessing = 0;
		};
/* End PBXCopyFilesBuildPhase section */

/* Begin PBXFileReference section */
		0EA5E84CA3B91162AEFD8373 /* Pods-Watchr.release.xcconfig */ = {isa = PBXFileReference; includeInIndex = 1; lastKnownFileType = text.xcconfig; name = "Pods-Watchr.release.xcconfig"; path = "Pods/Target Support Files/Pods-Watchr/Pods-Watchr.release.xcconfig"; sourceTree = "<group>"; };
		12F09ACFC0CF3DB1006ADAC2 /* Pods_Watchr.framework */ = {isa = PBXFileReference; explicitFileType = wrapper.framework; includeInIndex = 0; path = Pods_Watchr.framework; sourceTree = BUILT_PRODUCTS_DIR; };
		6B74895813BE16481199A0CA /* Pods-Watchr.debug.xcconfig */ = {isa = PBXFileReference; includeInIndex = 1; lastKnownFileType = text.xcconfig; name = "Pods-Watchr.debug.xcconfig"; path = "Pods/Target Support Files/Pods-Watchr/Pods-Watchr.debug.xcconfig"; sourceTree = "<group>"; };
		FB57CD861F10356100F98DAE /* Watchr.app */ = {isa = PBXFileReference; explicitFileType = wrapper.application; includeInIndex = 0; path = Watchr.app; sourceTree = BUILT_PRODUCTS_DIR; };
		FB57CD891F10356100F98DAE /* AppDelegate.swift */ = {isa = PBXFileReference; lastKnownFileType = sourcecode.swift; path = AppDelegate.swift; sourceTree = "<group>"; };
		FB57CD8B1F10356100F98DAE /* ViewController.swift */ = {isa = PBXFileReference; lastKnownFileType = sourcecode.swift; path = ViewController.swift; sourceTree = "<group>"; };
		FB57CD8E1F10356100F98DAE /* Base */ = {isa = PBXFileReference; lastKnownFileType = file.storyboard; name = Base; path = Base.lproj/Main.storyboard; sourceTree = "<group>"; };
		FB57CD901F10356100F98DAE /* Assets.xcassets */ = {isa = PBXFileReference; lastKnownFileType = folder.assetcatalog; path = Assets.xcassets; sourceTree = "<group>"; };
		FB57CD931F10356100F98DAE /* Base */ = {isa = PBXFileReference; lastKnownFileType = file.storyboard; name = Base; path = Base.lproj/LaunchScreen.storyboard; sourceTree = "<group>"; };
		FB57CD951F10356100F98DAE /* Info.plist */ = {isa = PBXFileReference; lastKnownFileType = text.plist.xml; path = Info.plist; sourceTree = "<group>"; };
		FB77F1FE1F104323003A1D46 /* ShowCollectionCellCollectionViewCell.swift */ = {isa = PBXFileReference; fileEncoding = 4; lastKnownFileType = sourcecode.swift; path = ShowCollectionCellCollectionViewCell.swift; sourceTree = "<group>"; };
		FB77F2011F1052A6003A1D46 /* ShowDetailView.storyboard */ = {isa = PBXFileReference; fileEncoding = 4; lastKnownFileType = file.storyboard; path = ShowDetailView.storyboard; sourceTree = "<group>"; };
		FB77F2031F1054B2003A1D46 /* ShowDetailViewController.swift */ = {isa = PBXFileReference; fileEncoding = 4; lastKnownFileType = sourcecode.swift; path = ShowDetailViewController.swift; sourceTree = "<group>"; };
		FBDC930E1F106F7000E515C8 /* SearchViewController.swift */ = {isa = PBXFileReference; fileEncoding = 4; lastKnownFileType = sourcecode.swift; path = SearchViewController.swift; sourceTree = "<group>"; };
		FBDC93101F10708700E515C8 /* SearchTableViewCell.swift */ = {isa = PBXFileReference; fileEncoding = 4; lastKnownFileType = sourcecode.swift; path = SearchTableViewCell.swift; sourceTree = "<group>"; };
		FBDC93121F10833600E515C8 /* SWSegmentedControl.swift */ = {isa = PBXFileReference; fileEncoding = 4; lastKnownFileType = sourcecode.swift; path = SWSegmentedControl.swift; sourceTree = "<group>"; };
		FBDC93151F1085D200E515C8 /* ShowInformationViewController.swift */ = {isa = PBXFileReference; fileEncoding = 4; lastKnownFileType = sourcecode.swift; path = ShowInformationViewController.swift; sourceTree = "<group>"; };
/* End PBXFileReference section */

/* Begin PBXFrameworksBuildPhase section */
		FB57CD831F10356100F98DAE /* Frameworks */ = {
			isa = PBXFrameworksBuildPhase;
			buildActionMask = 2147483647;
			files = (
				1FE8579BD747C4BA36A6360B /* Pods_Watchr.framework in Frameworks */,
			);
			runOnlyForDeploymentPostprocessing = 0;
		};
/* End PBXFrameworksBuildPhase section */

/* Begin PBXGroup section */
		1A732F5F9C85BB689420A081 /* Frameworks */ = {
			isa = PBXGroup;
			children = (
				12F09ACFC0CF3DB1006ADAC2 /* Pods_Watchr.framework */,
			);
			name = Frameworks;
			sourceTree = "<group>";
		};
		7F5A19B5D13592B94E730ECB /* Pods */ = {
			isa = PBXGroup;
			children = (
				6B74895813BE16481199A0CA /* Pods-Watchr.debug.xcconfig */,
				0EA5E84CA3B91162AEFD8373 /* Pods-Watchr.release.xcconfig */,
			);
			name = Pods;
			sourceTree = "<group>";
		};
		FB57CD7D1F10356100F98DAE = {
			isa = PBXGroup;
			children = (
				FB57CD881F10356100F98DAE /* Watchr */,
				FB57CD871F10356100F98DAE /* Products */,
				7F5A19B5D13592B94E730ECB /* Pods */,
				1A732F5F9C85BB689420A081 /* Frameworks */,
			);
			sourceTree = "<group>";
		};
		FB57CD871F10356100F98DAE /* Products */ = {
			isa = PBXGroup;
			children = (
				FB57CD861F10356100F98DAE /* Watchr.app */,
			);
			name = Products;
			sourceTree = "<group>";
		};
		FB57CD881F10356100F98DAE /* Watchr */ = {
			isa = PBXGroup;
			children = (
				FB57CD891F10356100F98DAE /* AppDelegate.swift */,
				FB77F1FD1F1042E3003A1D46 /* Controllers */,
				FB77F2001F105288003A1D46 /* Views */,
				FBDC93121F10833600E515C8 /* SWSegmentedControl.swift */,
				FB57CD901F10356100F98DAE /* Assets.xcassets */,
				FB57CD921F10356100F98DAE /* LaunchScreen.storyboard */,
				FB57CD951F10356100F98DAE /* Info.plist */,
			);
			path = Watchr;
			sourceTree = "<group>";
		};
		FB77F1FD1F1042E3003A1D46 /* Controllers */ = {
			isa = PBXGroup;
			children = (
				FB57CD8B1F10356100F98DAE /* ViewController.swift */,
				FB77F1FE1F104323003A1D46 /* ShowCollectionCellCollectionViewCell.swift */,
				FBDC93141F1085A900E515C8 /* Show Details */,
				FBDC930D1F106F5A00E515C8 /* Search */,
			);
			name = Controllers;
			sourceTree = "<group>";
		};
		FB77F2001F105288003A1D46 /* Views */ = {
			isa = PBXGroup;
			children = (
				FB57CD8D1F10356100F98DAE /* Main.storyboard */,
				FB77F2011F1052A6003A1D46 /* ShowDetailView.storyboard */,
			);
			name = Views;
			sourceTree = "<group>";
		};
		FBDC930D1F106F5A00E515C8 /* Search */ = {
			isa = PBXGroup;
			children = (
				FBDC930E1F106F7000E515C8 /* SearchViewController.swift */,
				FBDC93101F10708700E515C8 /* SearchTableViewCell.swift */,
			);
			name = Search;
			sourceTree = "<group>";
		};
		FBDC93141F1085A900E515C8 /* Show Details */ = {
			isa = PBXGroup;
			children = (
				FB77F2031F1054B2003A1D46 /* ShowDetailViewController.swift */,
				FBDC93151F1085D200E515C8 /* ShowInformationViewController.swift */,
			);
			name = "Show Details";
			sourceTree = "<group>";
		};
/* End PBXGroup section */

/* Begin PBXNativeTarget section */
		FB57CD851F10356100F98DAE /* Watchr */ = {
			isa = PBXNativeTarget;
			buildConfigurationList = FB57CD981F10356100F98DAE /* Build configuration list for PBXNativeTarget "Watchr" */;
			buildPhases = (
				2B47460B6DE16AB43CED4779 /* [CP] Check Pods Manifest.lock */,
				FB57CD821F10356100F98DAE /* Sources */,
				FB57CD831F10356100F98DAE /* Frameworks */,
				FB57CD841F10356100F98DAE /* Resources */,
				FB57CDB11F1035B000F98DAE /* Embed Frameworks */,
				0724857E264E65E4C6F8CC5B /* [CP] Embed Pods Frameworks */,
				A77A0A46BA1F791116B6EF7B /* [CP] Copy Pods Resources */,
			);
			buildRules = (
			);
			dependencies = (
			);
			name = Watchr;
			productName = Watchr;
			productReference = FB57CD861F10356100F98DAE /* Watchr.app */;
			productType = "com.apple.product-type.application";
		};
/* End PBXNativeTarget section */

/* Begin PBXProject section */
		FB57CD7E1F10356100F98DAE /* Project object */ = {
			isa = PBXProject;
			attributes = {
				LastSwiftUpdateCheck = 0830;
				LastUpgradeCheck = 0830;
				ORGANIZATIONNAME = "Peter Yasi";
				TargetAttributes = {
					FB57CD851F10356100F98DAE = {
						CreatedOnToolsVersion = 8.3.3;
						DevelopmentTeam = 6RJ29M6PR2;
						ProvisioningStyle = Automatic;
					};
				};
			};
			buildConfigurationList = FB57CD811F10356100F98DAE /* Build configuration list for PBXProject "Watchr" */;
			compatibilityVersion = "Xcode 3.2";
			developmentRegion = English;
			hasScannedForEncodings = 0;
			knownRegions = (
				en,
				Base,
			);
			mainGroup = FB57CD7D1F10356100F98DAE;
			productRefGroup = FB57CD871F10356100F98DAE /* Products */;
			projectDirPath = "";
			projectRoot = "";
			targets = (
				FB57CD851F10356100F98DAE /* Watchr */,
			);
		};
/* End PBXProject section */

/* Begin PBXResourcesBuildPhase section */
		FB57CD841F10356100F98DAE /* Resources */ = {
			isa = PBXResourcesBuildPhase;
			buildActionMask = 2147483647;
			files = (
				FB57CD941F10356100F98DAE /* LaunchScreen.storyboard in Resources */,
				FB57CD911F10356100F98DAE /* Assets.xcassets in Resources */,
				FB57CD8F1F10356100F98DAE /* Main.storyboard in Resources */,
				FB77F2021F1052A6003A1D46 /* ShowDetailView.storyboard in Resources */,
			);
			runOnlyForDeploymentPostprocessing = 0;
		};
/* End PBXResourcesBuildPhase section */

/* Begin PBXShellScriptBuildPhase section */
		0724857E264E65E4C6F8CC5B /* [CP] Embed Pods Frameworks */ = {
			isa = PBXShellScriptBuildPhase;
			buildActionMask = 2147483647;
			files = (
			);
			inputPaths = (
			);
			name = "[CP] Embed Pods Frameworks";
			outputPaths = (
			);
			runOnlyForDeploymentPostprocessing = 0;
			shellPath = /bin/sh;
			shellScript = "\"${SRCROOT}/Pods/Target Support Files/Pods-Watchr/Pods-Watchr-frameworks.sh\"\n";
			showEnvVarsInLog = 0;
		};
		2B47460B6DE16AB43CED4779 /* [CP] Check Pods Manifest.lock */ = {
			isa = PBXShellScriptBuildPhase;
			buildActionMask = 2147483647;
			files = (
			);
			inputPaths = (
			);
			name = "[CP] Check Pods Manifest.lock";
			outputPaths = (
			);
			runOnlyForDeploymentPostprocessing = 0;
			shellPath = /bin/sh;
			shellScript = "diff \"${PODS_ROOT}/../Podfile.lock\" \"${PODS_ROOT}/Manifest.lock\" > /dev/null\nif [ $? != 0 ] ; then\n    # print error to STDERR\n    echo \"error: The sandbox is not in sync with the Podfile.lock. Run 'pod install' or update your CocoaPods installation.\" >&2\n    exit 1\nfi\n";
			showEnvVarsInLog = 0;
		};
		A77A0A46BA1F791116B6EF7B /* [CP] Copy Pods Resources */ = {
			isa = PBXShellScriptBuildPhase;
			buildActionMask = 2147483647;
			files = (
			);
			inputPaths = (
			);
			name = "[CP] Copy Pods Resources";
			outputPaths = (
			);
			runOnlyForDeploymentPostprocessing = 0;
			shellPath = /bin/sh;
			shellScript = "\"${SRCROOT}/Pods/Target Support Files/Pods-Watchr/Pods-Watchr-resources.sh\"\n";
			showEnvVarsInLog = 0;
		};
/* End PBXShellScriptBuildPhase section */

/* Begin PBXSourcesBuildPhase section */
		FB57CD821F10356100F98DAE /* Sources */ = {
			isa = PBXSourcesBuildPhase;
			buildActionMask = 2147483647;
			files = (
				FBDC930F1F106F7000E515C8 /* SearchViewController.swift in Sources */,
				FB77F2041F1054B2003A1D46 /* ShowDetailViewController.swift in Sources */,
				FB57CD8C1F10356100F98DAE /* ViewController.swift in Sources */,
				FBDC93131F10833600E515C8 /* SWSegmentedControl.swift in Sources */,
				FBDC93161F1085D200E515C8 /* ShowInformationViewController.swift in Sources */,
				FBDC93111F10708700E515C8 /* SearchTableViewCell.swift in Sources */,
				FB77F1FF1F104323003A1D46 /* ShowCollectionCellCollectionViewCell.swift in Sources */,
				FB57CD8A1F10356100F98DAE /* AppDelegate.swift in Sources */,
			);
			runOnlyForDeploymentPostprocessing = 0;
		};
/* End PBXSourcesBuildPhase section */

/* Begin PBXVariantGroup section */
		FB57CD8D1F10356100F98DAE /* Main.storyboard */ = {
			isa = PBXVariantGroup;
			children = (
				FB57CD8E1F10356100F98DAE /* Base */,
			);
			name = Main.storyboard;
			sourceTree = "<group>";
		};
		FB57CD921F10356100F98DAE /* LaunchScreen.storyboard */ = {
			isa = PBXVariantGroup;
			children = (
				FB57CD931F10356100F98DAE /* Base */,
			);
			name = LaunchScreen.storyboard;
			sourceTree = "<group>";
		};
/* End PBXVariantGroup section */

/* Begin XCBuildConfiguration section */
		FB57CD961F10356100F98DAE /* Debug */ = {
			isa = XCBuildConfiguration;
			buildSettings = {
				ALWAYS_SEARCH_USER_PATHS = NO;
				CLANG_ANALYZER_NONNULL = YES;
				CLANG_ANALYZER_NUMBER_OBJECT_CONVERSION = YES_AGGRESSIVE;
				CLANG_CXX_LANGUAGE_STANDARD = "gnu++0x";
				CLANG_CXX_LIBRARY = "libc++";
				CLANG_ENABLE_MODULES = YES;
				CLANG_ENABLE_OBJC_ARC = YES;
				CLANG_WARN_BOOL_CONVERSION = YES;
				CLANG_WARN_CONSTANT_CONVERSION = YES;
				CLANG_WARN_DIRECT_OBJC_ISA_USAGE = YES_ERROR;
				CLANG_WARN_DOCUMENTATION_COMMENTS = YES;
				CLANG_WARN_EMPTY_BODY = YES;
				CLANG_WARN_ENUM_CONVERSION = YES;
				CLANG_WARN_INFINITE_RECURSION = YES;
				CLANG_WARN_INT_CONVERSION = YES;
				CLANG_WARN_OBJC_ROOT_CLASS = YES_ERROR;
				CLANG_WARN_SUSPICIOUS_MOVE = YES;
				CLANG_WARN_UNREACHABLE_CODE = YES;
				CLANG_WARN__DUPLICATE_METHOD_MATCH = YES;
				"CODE_SIGN_IDENTITY[sdk=iphoneos*]" = "iPhone Developer";
				COPY_PHASE_STRIP = NO;
				DEBUG_INFORMATION_FORMAT = dwarf;
				ENABLE_STRICT_OBJC_MSGSEND = YES;
				ENABLE_TESTABILITY = YES;
				GCC_C_LANGUAGE_STANDARD = gnu99;
				GCC_DYNAMIC_NO_PIC = NO;
				GCC_NO_COMMON_BLOCKS = YES;
				GCC_OPTIMIZATION_LEVEL = 0;
				GCC_PREPROCESSOR_DEFINITIONS = (
					"DEBUG=1",
					"$(inherited)",
				);
				GCC_WARN_64_TO_32_BIT_CONVERSION = YES;
				GCC_WARN_ABOUT_RETURN_TYPE = YES_ERROR;
				GCC_WARN_UNDECLARED_SELECTOR = YES;
				GCC_WARN_UNINITIALIZED_AUTOS = YES_AGGRESSIVE;
				GCC_WARN_UNUSED_FUNCTION = YES;
				GCC_WARN_UNUSED_VARIABLE = YES;
				IPHONEOS_DEPLOYMENT_TARGET = 10.3;
				MTL_ENABLE_DEBUG_INFO = YES;
				ONLY_ACTIVE_ARCH = YES;
				SDKROOT = iphoneos;
				SWIFT_ACTIVE_COMPILATION_CONDITIONS = DEBUG;
				SWIFT_OPTIMIZATION_LEVEL = "-Onone";
				TARGETED_DEVICE_FAMILY = "1,2";
			};
			name = Debug;
		};
		FB57CD971F10356100F98DAE /* Release */ = {
			isa = XCBuildConfiguration;
			buildSettings = {
				ALWAYS_SEARCH_USER_PATHS = NO;
				CLANG_ANALYZER_NONNULL = YES;
				CLANG_ANALYZER_NUMBER_OBJECT_CONVERSION = YES_AGGRESSIVE;
				CLANG_CXX_LANGUAGE_STANDARD = "gnu++0x";
				CLANG_CXX_LIBRARY = "libc++";
				CLANG_ENABLE_MODULES = YES;
				CLANG_ENABLE_OBJC_ARC = YES;
				CLANG_WARN_BOOL_CONVERSION = YES;
				CLANG_WARN_CONSTANT_CONVERSION = YES;
				CLANG_WARN_DIRECT_OBJC_ISA_USAGE = YES_ERROR;
				CLANG_WARN_DOCUMENTATION_COMMENTS = YES;
				CLANG_WARN_EMPTY_BODY = YES;
				CLANG_WARN_ENUM_CONVERSION = YES;
				CLANG_WARN_INFINITE_RECURSION = YES;
				CLANG_WARN_INT_CONVERSION = YES;
				CLANG_WARN_OBJC_ROOT_CLASS = YES_ERROR;
				CLANG_WARN_SUSPICIOUS_MOVE = YES;
				CLANG_WARN_UNREACHABLE_CODE = YES;
				CLANG_WARN__DUPLICATE_METHOD_MATCH = YES;
				"CODE_SIGN_IDENTITY[sdk=iphoneos*]" = "iPhone Developer";
				COPY_PHASE_STRIP = NO;
				DEBUG_INFORMATION_FORMAT = "dwarf-with-dsym";
				ENABLE_NS_ASSERTIONS = NO;
				ENABLE_STRICT_OBJC_MSGSEND = YES;
				GCC_C_LANGUAGE_STANDARD = gnu99;
				GCC_NO_COMMON_BLOCKS = YES;
				GCC_WARN_64_TO_32_BIT_CONVERSION = YES;
				GCC_WARN_ABOUT_RETURN_TYPE = YES_ERROR;
				GCC_WARN_UNDECLARED_SELECTOR = YES;
				GCC_WARN_UNINITIALIZED_AUTOS = YES_AGGRESSIVE;
				GCC_WARN_UNUSED_FUNCTION = YES;
				GCC_WARN_UNUSED_VARIABLE = YES;
				IPHONEOS_DEPLOYMENT_TARGET = 10.3;
				MTL_ENABLE_DEBUG_INFO = NO;
				SDKROOT = iphoneos;
				SWIFT_OPTIMIZATION_LEVEL = "-Owholemodule";
				TARGETED_DEVICE_FAMILY = "1,2";
				VALIDATE_PRODUCT = YES;
			};
			name = Release;
		};
		FB57CD991F10356100F98DAE /* Debug */ = {
			isa = XCBuildConfiguration;
			baseConfigurationReference = 6B74895813BE16481199A0CA /* Pods-Watchr.debug.xcconfig */;
			buildSettings = {
				ALWAYS_EMBED_SWIFT_STANDARD_LIBRARIES = YES;
				ASSETCATALOG_COMPILER_APPICON_NAME = AppIcon;
				DEVELOPMENT_TEAM = 6RJ29M6PR2;
				INFOPLIST_FILE = Watchr/Info.plist;
				LD_RUNPATH_SEARCH_PATHS = "$(inherited) @executable_path/Frameworks";
				PRODUCT_BUNDLE_IDENTIFIER = com.peteryasi.Watchr;
				PRODUCT_NAME = "$(TARGET_NAME)";
				SWIFT_VERSION = 3.0;
			};
			name = Debug;
		};
		FB57CD9A1F10356100F98DAE /* Release */ = {
			isa = XCBuildConfiguration;
			baseConfigurationReference = 0EA5E84CA3B91162AEFD8373 /* Pods-Watchr.release.xcconfig */;
			buildSettings = {
				ALWAYS_EMBED_SWIFT_STANDARD_LIBRARIES = YES;
				ASSETCATALOG_COMPILER_APPICON_NAME = AppIcon;
				DEVELOPMENT_TEAM = 6RJ29M6PR2;
				INFOPLIST_FILE = Watchr/Info.plist;
				LD_RUNPATH_SEARCH_PATHS = "$(inherited) @executable_path/Frameworks";
				PRODUCT_BUNDLE_IDENTIFIER = com.peteryasi.Watchr;
				PRODUCT_NAME = "$(TARGET_NAME)";
				SWIFT_VERSION = 3.0;
			};
			name = Release;
		};
/* End XCBuildConfiguration section */

/* Begin XCConfigurationList section */
		FB57CD811F10356100F98DAE /* Build configuration list for PBXProject "Watchr" */ = {
			isa = XCConfigurationList;
			buildConfigurations = (
				FB57CD961F10356100F98DAE /* Debug */,
				FB57CD971F10356100F98DAE /* Release */,
			);
			defaultConfigurationIsVisible = 0;
			defaultConfigurationName = Release;
		};
		FB57CD981F10356100F98DAE /* Build configuration list for PBXNativeTarget "Watchr" */ = {
			isa = XCConfigurationList;
			buildConfigurations = (
				FB57CD991F10356100F98DAE /* Debug */,
				FB57CD9A1F10356100F98DAE /* Release */,
			);
			defaultConfigurationIsVisible = 0;
			defaultConfigurationName = Release;
		};
/* End XCConfigurationList section */
	};
	rootObject = FB57CD7E1F10356100F98DAE /* Project object */;
}
